<?xml version="1.0" encoding="utf-8"?>
<Project ToolsVersion="4.0" xmlns="http://schemas.microsoft.com/developer/msbuild/2003">
  <ItemGroup>
    <ClInclude Include="Common.h" />
    <ClInclude Include="md5.h" />
  </ItemGroup>
  <ItemGroup>
    <ClCompile Include="md5.cpp" />
    <ClCompile Include="SendFileClient.cpp" />
  </ItemGroup>
</Project>