<?xml version="1.0" encoding="utf-8"?>
<Project ToolsVersion="4.0" xmlns="http://schemas.microsoft.com/developer/msbuild/2003">
  <ItemGroup>
    <Filter Include="utest">
      <UniqueIdentifier>{96696384-0823-4574-aa91-a07261a27b95}</UniqueIdentifier>
    </Filter>
    <Filter Include="base">
      <UniqueIdentifier>{9750ecd1-d470-4641-840c-f2000ce3ce84}</UniqueIdentifier>
    </Filter>
    <Filter Include="common">
      <UniqueIdentifier>{aa6f1b3e-bc18-4cda-bb7d-1a03e37d29d0}</UniqueIdentifier>
    </Filter>
    <Filter Include="net">
      <UniqueIdentifier>{f449ed8d-e7ed-44cc-8769-2908ec05c4e0}</UniqueIdentifier>
    </Filter>
    <Filter Include="hudp">
      <UniqueIdentifier>{68f00413-447f-4992-8144-1bbcdffb5e4a}</UniqueIdentifier>
    </Filter>
    <Filter Include="net\win">
      <UniqueIdentifier>{04c326ee-1170-43be-88a3-160c4b179d88}</UniqueIdentifier>
    </Filter>
    <Filter Include="include">
      <UniqueIdentifier>{b1ad3157-80a9-49e7-924b-58235a58a3fe}</UniqueIdentifier>
    </Filter>
    <Filter Include="interface">
      <UniqueIdentifier>{9bde2fc8-1f19-4a1d-b519-1a37c12303a3}</UniqueIdentifier>
    </Filter>
    <Filter Include="third">
      <UniqueIdentifier>{1e85c499-0795-4e57-82e6-2e80abc9ce08}</UniqueIdentifier>
    </Filter>
    <Filter Include="third\gtest">
      <UniqueIdentifier>{af8d04c5-0bce-40f0-b26b-9d47be8d4edd}</UniqueIdentifier>
    </Filter>
    <Filter Include="net\controller">
      <UniqueIdentifier>{0cc69faa-cb60-4ae6-8664-f0df4fec7b71}</UniqueIdentifier>
    </Filter>
    <Filter Include="net\controller\bbr">
      <UniqueIdentifier>{6174acd2-56e6-44f6-a55c-fc8415498b97}</UniqueIdentifier>
    </Filter>
    <Filter Include="filter">
      <UniqueIdentifier>{9c2463c6-3c08-48b5-9caf-cec41171cf9a}</UniqueIdentifier>
    </Filter>
    <Filter Include="third\snappy">
      <UniqueIdentifier>{bf60b72a-4f5d-4c40-951f-4169bb8e9e68}</UniqueIdentifier>
    </Filter>
  </ItemGroup>
  <ItemGroup>
    <ClCompile Include="base\Buffer.cpp">
      <Filter>base</Filter>
    </ClCompile>
    <ClCompile Include="base\config.cpp">
      <Filter>base</Filter>
    </ClCompile>
    <ClCompile Include="base\Log.cpp">
      <Filter>base</Filter>
    </ClCompile>
    <ClCompile Include="base\LoopBuffer.cpp">
      <Filter>base</Filter>
    </ClCompile>
    <ClCompile Include="base\TimeTool.cpp">
      <Filter>base</Filter>
    </ClCompile>
    <ClCompile Include="common\BitStream.cpp">
      <Filter>common</Filter>
    </ClCompile>
    <ClCompile Include="common\IncrementalId.cpp">
      <Filter>common</Filter>
    </ClCompile>
    <ClCompile Include="common\PriorityQueue.cpp">
      <Filter>common</Filter>
    </ClCompile>
    <ClCompile Include="common\SendWnd.cpp">
      <Filter>common</Filter>
    </ClCompile>
    <ClCompile Include="common\Serializes.cpp">
      <Filter>common</Filter>
    </ClCompile>
    <ClCompile Include="common\Timer.cpp">
      <Filter>common</Filter>
    </ClCompile>
    <ClCompile Include="net\win\OsNet.cpp">
      <Filter>net\win</Filter>
    </ClCompile>
    <ClCompile Include="common\CommonFunc.cpp">
      <Filter>common</Filter>
    </ClCompile>
    <ClCompile Include="net\SocketManager.cpp">
      <Filter>net</Filter>
    </ClCompile>
    <ClCompile Include="hudp\RecvThread.cpp">
      <Filter>hudp</Filter>
    </ClCompile>
    <ClCompile Include="common\PendAck.cpp">
      <Filter>common</Filter>
    </ClCompile>
    <ClCompile Include="hudp\HudpImpl.cpp">
      <Filter>hudp</Filter>
    </ClCompile>
    <ClCompile Include="hudp\Hudp.cpp">
      <Filter>hudp</Filter>
    </ClCompile>
    <ClCompile Include="common\Rto.cpp">
      <Filter>common</Filter>
    </ClCompile>
    <ClCompile Include="base\MemoryPool.cpp">
      <Filter>base</Filter>
    </ClCompile>
    <ClCompile Include="base\BlockMemoryPool.cpp">
      <Filter>base</Filter>
    </ClCompile>
    <ClCompile Include="hudp\FilterProcessNoThread.cpp">
      <Filter>hudp</Filter>
    </ClCompile>
    <ClCompile Include="common\MsgHead.cpp">
      <Filter>common</Filter>
    </ClCompile>
    <ClCompile Include="common\MsgImpl.cpp">
      <Filter>common</Filter>
    </ClCompile>
    <ClCompile Include="hudp\MsgPoolFactory.cpp">
      <Filter>hudp</Filter>
    </ClCompile>
    <ClCompile Include="net\SocketImpl.cpp">
      <Filter>net</Filter>
    </ClCompile>
    <ClCompile Include="common\OrderListImpl.cpp">
      <Filter>common</Filter>
    </ClCompile>
    <ClCompile Include="hudp\ProcessThread.cpp">
      <Filter>hudp</Filter>
    </ClCompile>
    <ClCompile Include="utest\Test.cpp">
      <Filter>utest</Filter>
    </ClCompile>
    <ClCompile Include="net\controller\OsCommon.h">
      <Filter>net\controller</Filter>
    </ClCompile>
    <ClCompile Include="net\controller\Pacing.cpp">
      <Filter>net\controller</Filter>
    </ClCompile>
    <ClCompile Include="net\controller\FlowQueue.cpp">
      <Filter>net\controller</Filter>
    </ClCompile>
    <ClCompile Include="filter\EndFilter.cpp">
      <Filter>filter</Filter>
    </ClCompile>
    <ClCompile Include="filter\FlowSlicingFilter.cpp">
      <Filter>filter</Filter>
    </ClCompile>
    <ClCompile Include="filter\HeadFilter.cpp">
      <Filter>filter</Filter>
    </ClCompile>
    <ClCompile Include="filter\SnappyFilter.cpp">
      <Filter>filter</Filter>
    </ClCompile>
    <ClCompile Include="net\controller\bbr\bbr.cpp" />
    <ClCompile Include="utest\Ut_BitStream.cpp">
      <Filter>utest</Filter>
    </ClCompile>
    <ClCompile Include="utest\Ut_FlowSlocingFilter.cpp">
      <Filter>utest</Filter>
    </ClCompile>
    <ClCompile Include="utest\Ut_IncrementalId.cpp">
      <Filter>utest</Filter>
    </ClCompile>
    <ClCompile Include="utest\Ut_OrderList.cpp">
      <Filter>utest</Filter>
    </ClCompile>
    <ClCompile Include="utest\Ut_PendAck.cpp">
      <Filter>utest</Filter>
    </ClCompile>
    <ClCompile Include="utest\Ut_Serializes.cpp">
      <Filter>utest</Filter>
    </ClCompile>
    <ClCompile Include="utest\Ut_SnappyFilter.cpp">
      <Filter>utest</Filter>
    </ClCompile>
  </ItemGroup>
  <ItemGroup>
    <ClInclude Include="base\Any.h">
      <Filter>base</Filter>
    </ClInclude>
    <ClInclude Include="base\Buffer.h">
      <Filter>base</Filter>
    </ClInclude>
    <ClInclude Include="base\config.h">
      <Filter>base</Filter>
    </ClInclude>
    <ClInclude Include="base\Log.h">
      <Filter>base</Filter>
    </ClInclude>
    <ClInclude Include="base\LoopBuffer.h">
      <Filter>base</Filter>
    </ClInclude>
    <ClInclude Include="base\PoolSharedPtr.h">
      <Filter>base</Filter>
    </ClInclude>
    <ClInclude Include="base\Runnable.h">
      <Filter>base</Filter>
    </ClInclude>
    <ClInclude Include="base\RunnableAloneTaskList.h">
      <Filter>base</Filter>
    </ClInclude>
    <ClInclude Include="base\RunnableAloneTaskListWithPost.h">
      <Filter>base</Filter>
    </ClInclude>
    <ClInclude Include="base\RunnableShareTaskList.h">
      <Filter>base</Filter>
    </ClInclude>
    <ClInclude Include="base\Single.h">
      <Filter>base</Filter>
    </ClInclude>
    <ClInclude Include="base\TaskQueue.h">
      <Filter>base</Filter>
    </ClInclude>
    <ClInclude Include="base\TimeTool.h">
      <Filter>base</Filter>
    </ClInclude>
    <ClInclude Include="base\TSQueue.h">
      <Filter>base</Filter>
    </ClInclude>
    <ClInclude Include="common\BitStream.h">
      <Filter>common</Filter>
    </ClInclude>
    <ClInclude Include="common\CommonFlag.h">
      <Filter>common</Filter>
    </ClInclude>
    <ClInclude Include="common\CommonType.h">
      <Filter>common</Filter>
    </ClInclude>
    <ClInclude Include="common\IncrementalId.h">
      <Filter>common</Filter>
    </ClInclude>
    <ClInclude Include="common\PriorityQueue.h">
      <Filter>common</Filter>
    </ClInclude>
    <ClInclude Include="common\SendWnd.h">
      <Filter>common</Filter>
    </ClInclude>
    <ClInclude Include="common\Serializes.h">
      <Filter>common</Filter>
    </ClInclude>
    <ClInclude Include="common\Timer.h">
      <Filter>common</Filter>
    </ClInclude>
    <ClInclude Include="net\OsNet.h">
      <Filter>net</Filter>
    </ClInclude>
    <ClInclude Include="common\CommonFunc.h">
      <Filter>common</Filter>
    </ClInclude>
    <ClInclude Include="net\SocketManager.h">
      <Filter>net</Filter>
    </ClInclude>
    <ClInclude Include="hudp\RecvThread.h">
      <Filter>hudp</Filter>
    </ClInclude>
    <ClInclude Include="common\PendAck.h">
      <Filter>common</Filter>
    </ClInclude>
    <ClInclude Include="include\Hudp.h">
      <Filter>include</Filter>
    </ClInclude>
    <ClInclude Include="hudp\HudpImpl.h">
      <Filter>hudp</Filter>
    </ClInclude>
    <ClInclude Include="include\HudpFlag.h">
      <Filter>include</Filter>
    </ClInclude>
    <ClInclude Include="common\Rto.h">
      <Filter>common</Filter>
    </ClInclude>
    <ClInclude Include="base\MemoryPool.h">
      <Filter>base</Filter>
    </ClInclude>
    <ClInclude Include="base\BlockMemoryPool.h">
      <Filter>base</Filter>
    </ClInclude>
    <ClInclude Include="hudp\FilterProcessNoThread.h">
      <Filter>hudp</Filter>
    </ClInclude>
    <ClInclude Include="interface\IFilter.h">
      <Filter>interface</Filter>
    </ClInclude>
    <ClInclude Include="interface\IFilterProcess.h">
      <Filter>interface</Filter>
    </ClInclude>
    <ClInclude Include="interface\IMsg.h">
      <Filter>interface</Filter>
    </ClInclude>
    <ClInclude Include="interface\IMsgFactory.h">
      <Filter>interface</Filter>
    </ClInclude>
    <ClInclude Include="interface\INetIO.h">
      <Filter>interface</Filter>
    </ClInclude>
    <ClInclude Include="interface\IOrderList.h">
      <Filter>interface</Filter>
    </ClInclude>
    <ClInclude Include="interface\ISendWnd.h">
      <Filter>interface</Filter>
    </ClInclude>
    <ClInclude Include="interface\ISocket.h">
      <Filter>interface</Filter>
    </ClInclude>
    <ClInclude Include="interface\ISocketManager.h">
      <Filter>interface</Filter>
    </ClInclude>
    <ClInclude Include="common\MsgImpl.h">
      <Filter>common</Filter>
    </ClInclude>
    <ClInclude Include="common\MsgHead.h">
      <Filter>common</Filter>
    </ClInclude>
    <ClInclude Include="hudp\MsgPoolFactory.h">
      <Filter>hudp</Filter>
    </ClInclude>
    <ClInclude Include="interface\IRto.h">
      <Filter>interface</Filter>
    </ClInclude>
    <ClInclude Include="interface\IPriorityQueue.h">
      <Filter>interface</Filter>
    </ClInclude>
    <ClInclude Include="third\gtest\include\gtest\gtest.h">
      <Filter>third\gtest</Filter>
    </ClInclude>
    <ClInclude Include="third\gtest\include\gtest\gtest_pred_impl.h">
      <Filter>third\gtest</Filter>
    </ClInclude>
    <ClInclude Include="third\gtest\include\gtest\gtest_prod.h">
      <Filter>third\gtest</Filter>
    </ClInclude>
    <ClInclude Include="third\gtest\include\gtest\gtest-death-test.h">
      <Filter>third\gtest</Filter>
    </ClInclude>
    <ClInclude Include="third\gtest\include\gtest\gtest-matchers.h">
      <Filter>third\gtest</Filter>
    </ClInclude>
    <ClInclude Include="third\gtest\include\gtest\gtest-message.h">
      <Filter>third\gtest</Filter>
    </ClInclude>
    <ClInclude Include="third\gtest\include\gtest\gtest-param-test.h">
      <Filter>third\gtest</Filter>
    </ClInclude>
    <ClInclude Include="third\gtest\include\gtest\gtest-printers.h">
      <Filter>third\gtest</Filter>
    </ClInclude>
    <ClInclude Include="third\gtest\include\gtest\gtest-spi.h">
      <Filter>third\gtest</Filter>
    </ClInclude>
    <ClInclude Include="third\gtest\include\gtest\gtest-test-part.h">
      <Filter>third\gtest</Filter>
    </ClInclude>
    <ClInclude Include="third\gtest\include\gtest\gtest-typed-test.h">
      <Filter>third\gtest</Filter>
    </ClInclude>
    <ClInclude Include="net\SocketImpl.h">
      <Filter>net</Filter>
    </ClInclude>
    <ClInclude Include="common\OrderListImpl.h">
      <Filter>common</Filter>
    </ClInclude>
    <ClInclude Include="third\gtest\include\gmock\gmock.h">
      <Filter>third\gtest</Filter>
    </ClInclude>
    <ClInclude Include="third\gtest\include\gmock\gmock-actions.h">
      <Filter>third\gtest</Filter>
    </ClInclude>
    <ClInclude Include="third\gtest\include\gmock\gmock-cardinalities.h">
      <Filter>third\gtest</Filter>
    </ClInclude>
    <ClInclude Include="third\gtest\include\gmock\gmock-function-mocker.h">
      <Filter>third\gtest</Filter>
    </ClInclude>
    <ClInclude Include="third\gtest\include\gmock\gmock-generated-actions.h">
      <Filter>third\gtest</Filter>
    </ClInclude>
    <ClInclude Include="third\gtest\include\gmock\gmock-generated-function-mockers.h">
      <Filter>third\gtest</Filter>
    </ClInclude>
    <ClInclude Include="third\gtest\include\gmock\gmock-generated-matchers.h">
      <Filter>third\gtest</Filter>
    </ClInclude>
    <ClInclude Include="third\gtest\include\gmock\gmock-matchers.h">
      <Filter>third\gtest</Filter>
    </ClInclude>
    <ClInclude Include="third\gtest\include\gmock\gmock-more-actions.h">
      <Filter>third\gtest</Filter>
    </ClInclude>
    <ClInclude Include="third\gtest\include\gmock\gmock-more-matchers.h">
      <Filter>third\gtest</Filter>
    </ClInclude>
    <ClInclude Include="third\gtest\include\gmock\gmock-nice-strict.h">
      <Filter>third\gtest</Filter>
    </ClInclude>
    <ClInclude Include="third\gtest\include\gmock\gmock-spec-builders.h">
      <Filter>third\gtest</Filter>
    </ClInclude>
    <ClInclude Include="hudp\HudpConfig.h">
      <Filter>hudp</Filter>
    </ClInclude>
    <ClInclude Include="hudp\ProcessThread.h">
      <Filter>hudp</Filter>
    </ClInclude>
    <ClInclude Include="interface\ISerializes.h">
      <Filter>interface</Filter>
    </ClInclude>
    <ClInclude Include="net\controller\TcpCommon.h">
      <Filter>net\controller</Filter>
    </ClInclude>
    <ClInclude Include="net\controller\Pacing.h">
      <Filter>net\controller</Filter>
    </ClInclude>
    <ClInclude Include="net\controller\FlowQueue.h">
      <Filter>net\controller</Filter>
    </ClInclude>
    <ClInclude Include="filter\EndFilter.h">
      <Filter>filter</Filter>
    </ClInclude>
    <ClInclude Include="filter\FlowSlicingFilter.h">
      <Filter>filter</Filter>
    </ClInclude>
    <ClInclude Include="filter\HeadFilter.h">
      <Filter>filter</Filter>
    </ClInclude>
    <ClInclude Include="filter\SnappyFilter.h">
      <Filter>filter</Filter>
    </ClInclude>
    <ClInclude Include="third\snappy\snappy.h">
      <Filter>third\snappy</Filter>
    </ClInclude>
    <ClInclude Include="third\snappy\snappy-c.h">
      <Filter>third\snappy</Filter>
    </ClInclude>
    <ClInclude Include="third\snappy\snappy-sinksource.h">
      <Filter>third\snappy</Filter>
    </ClInclude>
    <ClInclude Include="third\snappy\snappy-stubs-public.h">
      <Filter>third\snappy</Filter>
    </ClInclude>
    <ClInclude Include="net\controller\bbr\bbr.h" />
  </ItemGroup>
  <ItemGroup>
    <None Include="third\gtest\include\gmock\gmock-generated-function-mockers.h.pump">
      <Filter>third\gtest</Filter>
    </None>
  </ItemGroup>
</Project>