<?xml version="1.0" encoding="utf-8"?>
<Project ToolsVersion="4.0" xmlns="http://schemas.microsoft.com/developer/msbuild/2003">
  <ItemGroup>
    <Filter Include="base">
      <UniqueIdentifier>{8dc99840-b7fd-4838-9a6a-0392a9bc3c61}</UniqueIdentifier>
    </Filter>
    <Filter Include="common">
      <UniqueIdentifier>{182df1a3-ddc6-423c-bba9-8e98025d374e}</UniqueIdentifier>
    </Filter>
    <Filter Include="net">
      <UniqueIdentifier>{6788f382-44a0-41d5-a2f2-df85cd6ca5c3}</UniqueIdentifier>
    </Filter>
    <Filter Include="hudp">
      <UniqueIdentifier>{0db70ca4-8124-497b-a0e7-3b48908157ba}</UniqueIdentifier>
    </Filter>
    <Filter Include="utest">
      <UniqueIdentifier>{4f5a8bb9-c53b-47f4-adeb-1c116a962360}</UniqueIdentifier>
    </Filter>
    <Filter Include="utest\common">
      <UniqueIdentifier>{c98b720e-f274-480f-bece-d253fe2aa88e}</UniqueIdentifier>
    </Filter>
  </ItemGroup>
  <ItemGroup>
    <ClInclude Include="base\Any.h">
      <Filter>base</Filter>
    </ClInclude>
    <ClInclude Include="base\Buffer.h">
      <Filter>base</Filter>
    </ClInclude>
    <ClInclude Include="base\Log.h">
      <Filter>base</Filter>
    </ClInclude>
    <ClInclude Include="base\LoopBuffer.h">
      <Filter>base</Filter>
    </ClInclude>
    <ClInclude Include="base\MemaryPool.h">
      <Filter>base</Filter>
    </ClInclude>
    <ClInclude Include="base\PoolSharedPtr.h">
      <Filter>base</Filter>
    </ClInclude>
    <ClInclude Include="base\Runnable.h">
      <Filter>base</Filter>
    </ClInclude>
    <ClInclude Include="base\RunnableAloneTaskList.h">
      <Filter>base</Filter>
    </ClInclude>
    <ClInclude Include="base\RunnableAloneTaskListWithPost.h">
      <Filter>base</Filter>
    </ClInclude>
    <ClInclude Include="base\RunnableShareTaskList.h">
      <Filter>base</Filter>
    </ClInclude>
    <ClInclude Include="base\TaskQueue.h">
      <Filter>base</Filter>
    </ClInclude>
    <ClInclude Include="base\TimeTool.h">
      <Filter>base</Filter>
    </ClInclude>
    <ClInclude Include="common\CommonType.h">
      <Filter>common</Filter>
    </ClInclude>
    <ClInclude Include="base\Config.h">
      <Filter>base</Filter>
    </ClInclude>
    <ClInclude Include="base\Single.h">
      <Filter>base</Filter>
    </ClInclude>
    <ClInclude Include="net\HudpSocket.h">
      <Filter>net</Filter>
    </ClInclude>
    <ClInclude Include="net\OsNet.h">
      <Filter>net</Filter>
    </ClInclude>
    <ClInclude Include="common\PriorityQueue.h">
      <Filter>common</Filter>
    </ClInclude>
    <ClInclude Include="base\TSQueue.h">
      <Filter>base</Filter>
    </ClInclude>
    <ClInclude Include="common\BitStream.h">
      <Filter>common</Filter>
    </ClInclude>
    <ClInclude Include="common\IncrementalId.h">
      <Filter>common</Filter>
    </ClInclude>
    <ClInclude Include="common\NetMsgPool.h">
      <Filter>common</Filter>
    </ClInclude>
    <ClInclude Include="common\BitStreamPool.h">
      <Filter>common</Filter>
    </ClInclude>
    <ClInclude Include="hudp\FilterInterface.h">
      <Filter>hudp</Filter>
    </ClInclude>
    <ClInclude Include="hudp\FilterProcess.h">
      <Filter>hudp</Filter>
    </ClInclude>
    <ClInclude Include="hudp\SerializesFilter.h">
      <Filter>hudp</Filter>
    </ClInclude>
    <ClInclude Include="common\CommonFlag.h">
      <Filter>common</Filter>
    </ClInclude>
    <ClInclude Include="common\NetMsg.h">
      <Filter>common</Filter>
    </ClInclude>
    <ClInclude Include="common\Serializes.h">
      <Filter>common</Filter>
    </ClInclude>
    <ClInclude Include="common\Timer.h">
      <Filter>common</Filter>
    </ClInclude>
    <ClInclude Include="common\SendWnd.h">
      <Filter>common</Filter>
    </ClInclude>
    <ClInclude Include="common\TimerSolt.h">
      <Filter>common</Filter>
    </ClInclude>
    <ClInclude Include="common\SendWndSolt.h">
      <Filter>common</Filter>
    </ClInclude>
    <ClInclude Include="common\OrderList.h">
      <Filter>common</Filter>
    </ClInclude>
    <ClInclude Include="common\OrderListSolt.h">
      <Filter>common</Filter>
    </ClInclude>
    <ClInclude Include="common\FunctionNetMsg.h">
      <Filter>common</Filter>
    </ClInclude>
    <ClInclude Include="common\NetMsgFactory.h">
      <Filter>common</Filter>
    </ClInclude>
    <ClInclude Include="utest\common\Ut_BitStream.cpp">
      <Filter>utest\common</Filter>
    </ClInclude>
  </ItemGroup>
  <ItemGroup>
    <ClCompile Include="base\Buffer.cpp">
      <Filter>base</Filter>
    </ClCompile>
    <ClCompile Include="base\Log.cpp">
      <Filter>base</Filter>
    </ClCompile>
    <ClCompile Include="base\LoopBuffer.cpp">
      <Filter>base</Filter>
    </ClCompile>
    <ClCompile Include="base\MemaryPool.cpp">
      <Filter>base</Filter>
    </ClCompile>
    <ClCompile Include="base\TimeTool.cpp">
      <Filter>base</Filter>
    </ClCompile>
    <ClCompile Include="base\Config.cpp">
      <Filter>base</Filter>
    </ClCompile>
    <ClCompile Include="net\HudpSocket.cpp">
      <Filter>net</Filter>
    </ClCompile>
    <ClCompile Include="common\PriorityQueue.cpp">
      <Filter>common</Filter>
    </ClCompile>
    <ClCompile Include="common\BitStream.cpp">
      <Filter>common</Filter>
    </ClCompile>
    <ClCompile Include="common\Serializes.cpp">
      <Filter>common</Filter>
    </ClCompile>
    <ClCompile Include="common\IncrementalId.cpp">
      <Filter>common</Filter>
    </ClCompile>
    <ClCompile Include="common\NetMsgPool.cpp">
      <Filter>common</Filter>
    </ClCompile>
    <ClCompile Include="common\BitStreamPool.cpp">
      <Filter>common</Filter>
    </ClCompile>
    <ClCompile Include="hudp\FilterInterface.cpp">
      <Filter>hudp</Filter>
    </ClCompile>
    <ClCompile Include="hudp\FilterProcess.cpp">
      <Filter>hudp</Filter>
    </ClCompile>
    <ClCompile Include="hudp\SerializesFilter.cpp">
      <Filter>hudp</Filter>
    </ClCompile>
    <ClCompile Include="common\Timer.cpp">
      <Filter>common</Filter>
    </ClCompile>
    <ClCompile Include="common\SendWnd.cpp">
      <Filter>common</Filter>
    </ClCompile>
    <ClCompile Include="common\OrderList.cpp">
      <Filter>common</Filter>
    </ClCompile>
    <ClCompile Include="common\FunctionNetMsg.cpp">
      <Filter>common</Filter>
    </ClCompile>
  </ItemGroup>
</Project>